// !$*UTF8*$!
{
	archiveVersion = 1;
	classes = {
	};
	objectVersion = 51;
	objects = {

/* Begin PBXBuildFile section */
		BE0AD41CB075376DA389A20D /* Pods_ApexRoulette.framework in Frameworks */ = {isa = PBXBuildFile; fileRef = 85469BDEC50BB4F935D14ABD /* Pods_ApexRoulette.framework */; };
		DF05DCAD26865DE000443412 /* duke_fill.otf in Resources */ = {isa = PBXBuildFile; fileRef = DF05DCAA26865DE000443412 /* duke_fill.otf */; };
		DF05DCAE26865DE000443412 /* blocktastic.otf in Resources */ = {isa = PBXBuildFile; fileRef = DF05DCAB26865DE000443412 /* blocktastic.otf */; };
		DF05DCAF26865DE000443412 /* blocktastic_itl.otf in Resources */ = {isa = PBXBuildFile; fileRef = DF05DCAC26865DE000443412 /* blocktastic_itl.otf */; };
		DF66616426C426E700E9531D /* HamburgerView.swift in Sources */ = {isa = PBXBuildFile; fileRef = DF66616326C426E700E9531D /* HamburgerView.swift */; };
		DF6B088626AAF15000E111BC /* InterstitialAds.swift in Sources */ = {isa = PBXBuildFile; fileRef = DF6B088526AAF15000E111BC /* InterstitialAds.swift */; };
		DF7BCC3526C8A40700E617BA /* FullSwipePopExtension.swift in Sources */ = {isa = PBXBuildFile; fileRef = DF7BCC3426C8A40700E617BA /* FullSwipePopExtension.swift */; };
		DFB9E7B826D4889000EA98BD /* TestView.swift in Sources */ = {isa = PBXBuildFile; fileRef = DFB9E7B726D4889000EA98BD /* TestView.swift */; };
		DFE8520D26D72220002B0877 /* IAPViewmodel.swift in Sources */ = {isa = PBXBuildFile; fileRef = DFE8520C26D72220002B0877 /* IAPViewmodel.swift */; };
		DFEDDF972686121B008D208D /* GameView.swift in Sources */ = {isa = PBXBuildFile; fileRef = DFEDDF962686121B008D208D /* GameView.swift */; };
		DFEDDF9926861231008D208D /* RouletteViewModel.swift in Sources */ = {isa = PBXBuildFile; fileRef = DFEDDF9826861231008D208D /* RouletteViewModel.swift */; };
		DFF0CC14267FAD1E0053711B /* ApexRouletteApp.swift in Sources */ = {isa = PBXBuildFile; fileRef = DFF0CC13267FAD1E0053711B /* ApexRouletteApp.swift */; };
		DFF0CC16267FAD1E0053711B /* MainMenuView.swift in Sources */ = {isa = PBXBuildFile; fileRef = DFF0CC15267FAD1E0053711B /* MainMenuView.swift */; };
		DFF0CC18267FAD1F0053711B /* Assets.xcassets in Resources */ = {isa = PBXBuildFile; fileRef = DFF0CC17267FAD1F0053711B /* Assets.xcassets */; };
		DFF0CC1B267FAD1F0053711B /* Preview Assets.xcassets in Resources */ = {isa = PBXBuildFile; fileRef = DFF0CC1A267FAD1F0053711B /* Preview Assets.xcassets */; };
		DFF0CC23267FAD3D0053711B /* GameModel.swift in Sources */ = {isa = PBXBuildFile; fileRef = DFF0CC22267FAD3D0053711B /* GameModel.swift */; };
/* End PBXBuildFile section */

/* Begin PBXFileReference section */
		0B77B34799660E15DCD3C482 /* Pods-ApexRoulette.release.xcconfig */ = {isa = PBXFileReference; includeInIndex = 1; lastKnownFileType = text.xcconfig; name = "Pods-ApexRoulette.release.xcconfig"; path = "Target Support Files/Pods-ApexRoulette/Pods-ApexRoulette.release.xcconfig"; sourceTree = "<group>"; };
		812440E7973D2DEBB015974E /* Pods-ApexRoulette.debug.xcconfig */ = {isa = PBXFileReference; includeInIndex = 1; lastKnownFileType = text.xcconfig; name = "Pods-ApexRoulette.debug.xcconfig"; path = "Target Support Files/Pods-ApexRoulette/Pods-ApexRoulette.debug.xcconfig"; sourceTree = "<group>"; };
		85469BDEC50BB4F935D14ABD /* Pods_ApexRoulette.framework */ = {isa = PBXFileReference; explicitFileType = wrapper.framework; includeInIndex = 0; path = Pods_ApexRoulette.framework; sourceTree = BUILT_PRODUCTS_DIR; };
		DF05DCAA26865DE000443412 /* duke_fill.otf */ = {isa = PBXFileReference; lastKnownFileType = file; path = duke_fill.otf; sourceTree = "<group>"; };
		DF05DCAB26865DE000443412 /* blocktastic.otf */ = {isa = PBXFileReference; lastKnownFileType = file; path = blocktastic.otf; sourceTree = "<group>"; };
		DF05DCAC26865DE000443412 /* blocktastic_itl.otf */ = {isa = PBXFileReference; lastKnownFileType = file; path = blocktastic_itl.otf; sourceTree = "<group>"; };
		DF66616326C426E700E9531D /* HamburgerView.swift */ = {isa = PBXFileReference; lastKnownFileType = sourcecode.swift; path = HamburgerView.swift; sourceTree = "<group>"; };
		DF6B088526AAF15000E111BC /* InterstitialAds.swift */ = {isa = PBXFileReference; lastKnownFileType = sourcecode.swift; path = InterstitialAds.swift; sourceTree = "<group>"; };
		DF7BCC3426C8A40700E617BA /* FullSwipePopExtension.swift */ = {isa = PBXFileReference; lastKnownFileType = sourcecode.swift; path = FullSwipePopExtension.swift; sourceTree = "<group>"; };
		DFA6DEA326D2C08C00BBF480 /* Configuration.storekit */ = {isa = PBXFileReference; lastKnownFileType = text; path = Configuration.storekit; sourceTree = "<group>"; };
		DFB9E7B726D4889000EA98BD /* TestView.swift */ = {isa = PBXFileReference; lastKnownFileType = sourcecode.swift; path = TestView.swift; sourceTree = "<group>"; };
		DFE8520C26D72220002B0877 /* IAPViewmodel.swift */ = {isa = PBXFileReference; lastKnownFileType = sourcecode.swift; path = IAPViewmodel.swift; sourceTree = "<group>"; };
		DFEDDF962686121B008D208D /* GameView.swift */ = {isa = PBXFileReference; lastKnownFileType = sourcecode.swift; path = GameView.swift; sourceTree = "<group>"; };
		DFEDDF9826861231008D208D /* RouletteViewModel.swift */ = {isa = PBXFileReference; lastKnownFileType = sourcecode.swift; path = RouletteViewModel.swift; sourceTree = "<group>"; };
		DFF0CC10267FAD1E0053711B /* ApexRoulette.app */ = {isa = PBXFileReference; explicitFileType = wrapper.application; includeInIndex = 0; path = ApexRoulette.app; sourceTree = BUILT_PRODUCTS_DIR; };
		DFF0CC13267FAD1E0053711B /* ApexRouletteApp.swift */ = {isa = PBXFileReference; lastKnownFileType = sourcecode.swift; path = ApexRouletteApp.swift; sourceTree = "<group>"; };
		DFF0CC15267FAD1E0053711B /* MainMenuView.swift */ = {isa = PBXFileReference; lastKnownFileType = sourcecode.swift; path = MainMenuView.swift; sourceTree = "<group>"; };
		DFF0CC17267FAD1F0053711B /* Assets.xcassets */ = {isa = PBXFileReference; lastKnownFileType = folder.assetcatalog; path = Assets.xcassets; sourceTree = "<group>"; };
		DFF0CC1A267FAD1F0053711B /* Preview Assets.xcassets */ = {isa = PBXFileReference; lastKnownFileType = folder.assetcatalog; path = "Preview Assets.xcassets"; sourceTree = "<group>"; };
		DFF0CC1C267FAD1F0053711B /* Info.plist */ = {isa = PBXFileReference; lastKnownFileType = text.plist.xml; path = Info.plist; sourceTree = "<group>"; };
		DFF0CC22267FAD3D0053711B /* GameModel.swift */ = {isa = PBXFileReference; lastKnownFileType = sourcecode.swift; path = GameModel.swift; sourceTree = "<group>"; };
/* End PBXFileReference section */

/* Begin PBXFrameworksBuildPhase section */
		DFF0CC0D267FAD1E0053711B /* Frameworks */ = {
			isa = PBXFrameworksBuildPhase;
			buildActionMask = 2147483647;
			files = (
				BE0AD41CB075376DA389A20D /* Pods_ApexRoulette.framework in Frameworks */,
			);
			runOnlyForDeploymentPostprocessing = 0;
		};
/* End PBXFrameworksBuildPhase section */

/* Begin PBXGroup section */
		1850BAFA119220B1C3B06E29 /* Frameworks */ = {
			isa = PBXGroup;
			children = (
				85469BDEC50BB4F935D14ABD /* Pods_ApexRoulette.framework */,
			);
			name = Frameworks;
			sourceTree = "<group>";
		};
		BB25B238B74F3F6243FAEA29 /* Pods */ = {
			isa = PBXGroup;
			children = (
				812440E7973D2DEBB015974E /* Pods-ApexRoulette.debug.xcconfig */,
				0B77B34799660E15DCD3C482 /* Pods-ApexRoulette.release.xcconfig */,
			);
			path = Pods;
			sourceTree = "<group>";
		};
		DF05DCB026865E0E00443412 /* Fonts */ = {
			isa = PBXGroup;
			children = (
				DF05DCAC26865DE000443412 /* blocktastic_itl.otf */,
				DF05DCAB26865DE000443412 /* blocktastic.otf */,
				DF05DCAA26865DE000443412 /* duke_fill.otf */,
			);
			path = Fonts;
			sourceTree = "<group>";
		};
		DF6B088426AAF12F00E111BC /* Monitization */ = {
			isa = PBXGroup;
			children = (
				DF6B088526AAF15000E111BC /* InterstitialAds.swift */,
				DFA6DEA326D2C08C00BBF480 /* Configuration.storekit */,
			);
			path = Monitization;
			sourceTree = "<group>";
		};
		DF7BCC3626C8A43C00E617BA /* Extensions */ = {
			isa = PBXGroup;
			children = (
				DF7BCC3426C8A40700E617BA /* FullSwipePopExtension.swift */,
			);
			path = Extensions;
			sourceTree = "<group>";
		};
		DFF0CC07267FAD1E0053711B = {
			isa = PBXGroup;
			children = (
				DFF0CC12267FAD1E0053711B /* ApexRoulette */,
				DFF0CC11267FAD1E0053711B /* Products */,
				BB25B238B74F3F6243FAEA29 /* Pods */,
				1850BAFA119220B1C3B06E29 /* Frameworks */,
			);
			sourceTree = "<group>";
		};
		DFF0CC11267FAD1E0053711B /* Products */ = {
			isa = PBXGroup;
			children = (
				DFF0CC10267FAD1E0053711B /* ApexRoulette.app */,
			);
			name = Products;
			sourceTree = "<group>";
		};
		DFF0CC12267FAD1E0053711B /* ApexRoulette */ = {
			isa = PBXGroup;
			children = (
				DF6B088426AAF12F00E111BC /* Monitization */,
				DF7BCC3626C8A43C00E617BA /* Extensions */,
				DF05DCB026865E0E00443412 /* Fonts */,
				DFF0CC24267FAD450053711B /* Model */,
				DFF0CC25267FAD500053711B /* ViewModel */,
				DFF0CC26267FAD5A0053711B /* Views */,
				DFF0CC27267FAD690053711B /* Supporting Assets */,
				DFF0CC19267FAD1F0053711B /* Preview Content */,
			);
			path = ApexRoulette;
			sourceTree = "<group>";
		};
		DFF0CC19267FAD1F0053711B /* Preview Content */ = {
			isa = PBXGroup;
			children = (
				DFF0CC1A267FAD1F0053711B /* Preview Assets.xcassets */,
			);
			path = "Preview Content";
			sourceTree = "<group>";
		};
		DFF0CC24267FAD450053711B /* Model */ = {
			isa = PBXGroup;
			children = (
				DFF0CC22267FAD3D0053711B /* GameModel.swift */,
			);
			path = Model;
			sourceTree = "<group>";
		};
		DFF0CC25267FAD500053711B /* ViewModel */ = {
			isa = PBXGroup;
			children = (
				DFEDDF9826861231008D208D /* RouletteViewModel.swift */,
				DFE8520C26D72220002B0877 /* IAPViewmodel.swift */,
			);
			path = ViewModel;
			sourceTree = "<group>";
		};
		DFF0CC26267FAD5A0053711B /* Views */ = {
			isa = PBXGroup;
			children = (
				DFF0CC15267FAD1E0053711B /* MainMenuView.swift */,
				DFEDDF962686121B008D208D /* GameView.swift */,
				DF66616326C426E700E9531D /* HamburgerView.swift */,
				DFB9E7B726D4889000EA98BD /* TestView.swift */,
			);
			path = Views;
			sourceTree = "<group>";
		};
		DFF0CC27267FAD690053711B /* Supporting Assets */ = {
			isa = PBXGroup;
			children = (
				DFF0CC1C267FAD1F0053711B /* Info.plist */,
				DFF0CC17267FAD1F0053711B /* Assets.xcassets */,
				DFF0CC13267FAD1E0053711B /* ApexRouletteApp.swift */,
			);
			path = "Supporting Assets";
			sourceTree = "<group>";
		};
/* End PBXGroup section */

/* Begin PBXNativeTarget section */
		DFF0CC0F267FAD1E0053711B /* ApexRoulette */ = {
			isa = PBXNativeTarget;
			buildConfigurationList = DFF0CC1F267FAD1F0053711B /* Build configuration list for PBXNativeTarget "ApexRoulette" */;
			buildPhases = (
				14E4F6AF8E252D5B2D2B4249 /* [CP] Check Pods Manifest.lock */,
				DFF0CC0C267FAD1E0053711B /* Sources */,
				DFF0CC0D267FAD1E0053711B /* Frameworks */,
				DFF0CC0E267FAD1E0053711B /* Resources */,
				4BC06126673306867C34B2B4 /* [CP] Embed Pods Frameworks */,
			);
			buildRules = (
			);
			dependencies = (
			);
			name = ApexRoulette;
			productName = ApexRoulette;
			productReference = DFF0CC10267FAD1E0053711B /* ApexRoulette.app */;
			productType = "com.apple.product-type.application";
		};
/* End PBXNativeTarget section */

/* Begin PBXProject section */
		DFF0CC08267FAD1E0053711B /* Project object */ = {
			isa = PBXProject;
			attributes = {
				LastSwiftUpdateCheck = 1250;
				LastUpgradeCheck = 1250;
				TargetAttributes = {
					DFF0CC0F267FAD1E0053711B = {
						CreatedOnToolsVersion = 12.5;
					};
				};
			};
			buildConfigurationList = DFF0CC0B267FAD1E0053711B /* Build configuration list for PBXProject "ApexRoulette" */;
			compatibilityVersion = "Xcode 9.3";
			developmentRegion = en;
			hasScannedForEncodings = 0;
			knownRegions = (
				en,
				Base,
			);
			mainGroup = DFF0CC07267FAD1E0053711B;
			productRefGroup = DFF0CC11267FAD1E0053711B /* Products */;
			projectDirPath = "";
			projectRoot = "";
			targets = (
				DFF0CC0F267FAD1E0053711B /* ApexRoulette */,
			);
		};
/* End PBXProject section */

/* Begin PBXResourcesBuildPhase section */
		DFF0CC0E267FAD1E0053711B /* Resources */ = {
			isa = PBXResourcesBuildPhase;
			buildActionMask = 2147483647;
			files = (
				DFF0CC1B267FAD1F0053711B /* Preview Assets.xcassets in Resources */,
				DF05DCAE26865DE000443412 /* blocktastic.otf in Resources */,
				DFF0CC18267FAD1F0053711B /* Assets.xcassets in Resources */,
				DF05DCAF26865DE000443412 /* blocktastic_itl.otf in Resources */,
				DF05DCAD26865DE000443412 /* duke_fill.otf in Resources */,
			);
			runOnlyForDeploymentPostprocessing = 0;
		};
/* End PBXResourcesBuildPhase section */

/* Begin PBXShellScriptBuildPhase section */
		14E4F6AF8E252D5B2D2B4249 /* [CP] Check Pods Manifest.lock */ = {
			isa = PBXShellScriptBuildPhase;
			buildActionMask = 2147483647;
			files = (
			);
			inputFileListPaths = (
			);
			inputPaths = (
				"${PODS_PODFILE_DIR_PATH}/Podfile.lock",
				"${PODS_ROOT}/Manifest.lock",
			);
			name = "[CP] Check Pods Manifest.lock";
			outputFileListPaths = (
			);
			outputPaths = (
				"$(DERIVED_FILE_DIR)/Pods-ApexRoulette-checkManifestLockResult.txt",
			);
			runOnlyForDeploymentPostprocessing = 0;
			shellPath = /bin/sh;
			shellScript = "diff \"${PODS_PODFILE_DIR_PATH}/Podfile.lock\" \"${PODS_ROOT}/Manifest.lock\" > /dev/null\nif [ $? != 0 ] ; then\n    # print error to STDERR\n    echo \"error: The sandbox is not in sync with the Podfile.lock. Run 'pod install' or update your CocoaPods installation.\" >&2\n    exit 1\nfi\n# This output is used by Xcode 'outputs' to avoid re-running this script phase.\necho \"SUCCESS\" > \"${SCRIPT_OUTPUT_FILE_0}\"\n";
			showEnvVarsInLog = 0;
		};
		4BC06126673306867C34B2B4 /* [CP] Embed Pods Frameworks */ = {
			isa = PBXShellScriptBuildPhase;
			buildActionMask = 2147483647;
			files = (
			);
			inputFileListPaths = (
				"${PODS_ROOT}/Target Support Files/Pods-ApexRoulette/Pods-ApexRoulette-frameworks-${CONFIGURATION}-input-files.xcfilelist",
			);
			name = "[CP] Embed Pods Frameworks";
			outputFileListPaths = (
				"${PODS_ROOT}/Target Support Files/Pods-ApexRoulette/Pods-ApexRoulette-frameworks-${CONFIGURATION}-output-files.xcfilelist",
			);
			runOnlyForDeploymentPostprocessing = 0;
			shellPath = /bin/sh;
			shellScript = "\"${PODS_ROOT}/Target Support Files/Pods-ApexRoulette/Pods-ApexRoulette-frameworks.sh\"\n";
			showEnvVarsInLog = 0;
		};
/* End PBXShellScriptBuildPhase section */

/* Begin PBXSourcesBuildPhase section */
		DFF0CC0C267FAD1E0053711B /* Sources */ = {
			isa = PBXSourcesBuildPhase;
			buildActionMask = 2147483647;
			files = (
				DFF0CC16267FAD1E0053711B /* MainMenuView.swift in Sources */,
				DFEDDF9926861231008D208D /* RouletteViewModel.swift in Sources */,
				DFE8520D26D72220002B0877 /* IAPViewmodel.swift in Sources */,
				DFB9E7B826D4889000EA98BD /* TestView.swift in Sources */,
				DF6B088626AAF15000E111BC /* InterstitialAds.swift in Sources */,
				DFF0CC14267FAD1E0053711B /* ApexRouletteApp.swift in Sources */,
				DF7BCC3526C8A40700E617BA /* FullSwipePopExtension.swift in Sources */,
				DF66616426C426E700E9531D /* HamburgerView.swift in Sources */,
				DFEDDF972686121B008D208D /* GameView.swift in Sources */,
				DFF0CC23267FAD3D0053711B /* GameModel.swift in Sources */,
			);
			runOnlyForDeploymentPostprocessing = 0;
		};
/* End PBXSourcesBuildPhase section */

/* Begin XCBuildConfiguration section */
		DFF0CC1D267FAD1F0053711B /* Debug */ = {
			isa = XCBuildConfiguration;
			buildSettings = {
				ALWAYS_SEARCH_USER_PATHS = NO;
				CLANG_ANALYZER_NONNULL = YES;
				CLANG_ANALYZER_NUMBER_OBJECT_CONVERSION = YES_AGGRESSIVE;
				CLANG_CXX_LANGUAGE_STANDARD = "gnu++14";
				CLANG_CXX_LIBRARY = "libc++";
				CLANG_ENABLE_MODULES = YES;
				CLANG_ENABLE_OBJC_ARC = YES;
				CLANG_ENABLE_OBJC_WEAK = YES;
				CLANG_WARN_BLOCK_CAPTURE_AUTORELEASING = YES;
				CLANG_WARN_BOOL_CONVERSION = YES;
				CLANG_WARN_COMMA = YES;
				CLANG_WARN_CONSTANT_CONVERSION = YES;
				CLANG_WARN_DEPRECATED_OBJC_IMPLEMENTATIONS = YES;
				CLANG_WARN_DIRECT_OBJC_ISA_USAGE = YES_ERROR;
				CLANG_WARN_DOCUMENTATION_COMMENTS = YES;
				CLANG_WARN_EMPTY_BODY = YES;
				CLANG_WARN_ENUM_CONVERSION = YES;
				CLANG_WARN_INFINITE_RECURSION = YES;
				CLANG_WARN_INT_CONVERSION = YES;
				CLANG_WARN_NON_LITERAL_NULL_CONVERSION = YES;
				CLANG_WARN_OBJC_IMPLICIT_RETAIN_SELF = YES;
				CLANG_WARN_OBJC_LITERAL_CONVERSION = YES;
				CLANG_WARN_OBJC_ROOT_CLASS = YES_ERROR;
				CLANG_WARN_QUOTED_INCLUDE_IN_FRAMEWORK_HEADER = YES;
				CLANG_WARN_RANGE_LOOP_ANALYSIS = YES;
				CLANG_WARN_STRICT_PROTOTYPES = YES;
				CLANG_WARN_SUSPICIOUS_MOVE = YES;
				CLANG_WARN_UNGUARDED_AVAILABILITY = YES_AGGRESSIVE;
				CLANG_WARN_UNREACHABLE_CODE = YES;
				CLANG_WARN__DUPLICATE_METHOD_MATCH = YES;
				COPY_PHASE_STRIP = NO;
				DEBUG_INFORMATION_FORMAT = dwarf;
				ENABLE_STRICT_OBJC_MSGSEND = YES;
				ENABLE_TESTABILITY = YES;
				GCC_C_LANGUAGE_STANDARD = gnu11;
				GCC_DYNAMIC_NO_PIC = NO;
				GCC_NO_COMMON_BLOCKS = YES;
				GCC_OPTIMIZATION_LEVEL = 0;
				GCC_PREPROCESSOR_DEFINITIONS = (
					"DEBUG=1",
					"$(inherited)",
				);
				GCC_WARN_64_TO_32_BIT_CONVERSION = YES;
				GCC_WARN_ABOUT_RETURN_TYPE = YES_ERROR;
				GCC_WARN_UNDECLARED_SELECTOR = YES;
				GCC_WARN_UNINITIALIZED_AUTOS = YES_AGGRESSIVE;
				GCC_WARN_UNUSED_FUNCTION = YES;
				GCC_WARN_UNUSED_VARIABLE = YES;
				IPHONEOS_DEPLOYMENT_TARGET = 14.5;
				MTL_ENABLE_DEBUG_INFO = INCLUDE_SOURCE;
				MTL_FAST_MATH = YES;
				ONLY_ACTIVE_ARCH = YES;
				SDKROOT = iphoneos;
				SWIFT_ACTIVE_COMPILATION_CONDITIONS = DEBUG;
				SWIFT_OPTIMIZATION_LEVEL = "-Onone";
			};
			name = Debug;
		};
		DFF0CC1E267FAD1F0053711B /* Release */ = {
			isa = XCBuildConfiguration;
			buildSettings = {
				ALWAYS_SEARCH_USER_PATHS = NO;
				CLANG_ANALYZER_NONNULL = YES;
				CLANG_ANALYZER_NUMBER_OBJECT_CONVERSION = YES_AGGRESSIVE;
				CLANG_CXX_LANGUAGE_STANDARD = "gnu++14";
				CLANG_CXX_LIBRARY = "libc++";
				CLANG_ENABLE_MODULES = YES;
				CLANG_ENABLE_OBJC_ARC = YES;
				CLANG_ENABLE_OBJC_WEAK = YES;
				CLANG_WARN_BLOCK_CAPTURE_AUTORELEASING = YES;
				CLANG_WARN_BOOL_CONVERSION = YES;
				CLANG_WARN_COMMA = YES;
				CLANG_WARN_CONSTANT_CONVERSION = YES;
				CLANG_WARN_DEPRECATED_OBJC_IMPLEMENTATIONS = YES;
				CLANG_WARN_DIRECT_OBJC_ISA_USAGE = YES_ERROR;
				CLANG_WARN_DOCUMENTATION_COMMENTS = YES;
				CLANG_WARN_EMPTY_BODY = YES;
				CLANG_WARN_ENUM_CONVERSION = YES;
				CLANG_WARN_INFINITE_RECURSION = YES;
				CLANG_WARN_INT_CONVERSION = YES;
				CLANG_WARN_NON_LITERAL_NULL_CONVERSION = YES;
				CLANG_WARN_OBJC_IMPLICIT_RETAIN_SELF = YES;
				CLANG_WARN_OBJC_LITERAL_CONVERSION = YES;
				CLANG_WARN_OBJC_ROOT_CLASS = YES_ERROR;
				CLANG_WARN_QUOTED_INCLUDE_IN_FRAMEWORK_HEADER = YES;
				CLANG_WARN_RANGE_LOOP_ANALYSIS = YES;
				CLANG_WARN_STRICT_PROTOTYPES = YES;
				CLANG_WARN_SUSPICIOUS_MOVE = YES;
				CLANG_WARN_UNGUARDED_AVAILABILITY = YES_AGGRESSIVE;
				CLANG_WARN_UNREACHABLE_CODE = YES;
				CLANG_WARN__DUPLICATE_METHOD_MATCH = YES;
				COPY_PHASE_STRIP = NO;
				DEBUG_INFORMATION_FORMAT = "dwarf-with-dsym";
				ENABLE_NS_ASSERTIONS = NO;
				ENABLE_STRICT_OBJC_MSGSEND = YES;
				GCC_C_LANGUAGE_STANDARD = gnu11;
				GCC_NO_COMMON_BLOCKS = YES;
				GCC_WARN_64_TO_32_BIT_CONVERSION = YES;
				GCC_WARN_ABOUT_RETURN_TYPE = YES_ERROR;
				GCC_WARN_UNDECLARED_SELECTOR = YES;
				GCC_WARN_UNINITIALIZED_AUTOS = YES_AGGRESSIVE;
				GCC_WARN_UNUSED_FUNCTION = YES;
				GCC_WARN_UNUSED_VARIABLE = YES;
				IPHONEOS_DEPLOYMENT_TARGET = 14.5;
				MTL_ENABLE_DEBUG_INFO = NO;
				MTL_FAST_MATH = YES;
				SDKROOT = iphoneos;
				SWIFT_COMPILATION_MODE = wholemodule;
				SWIFT_OPTIMIZATION_LEVEL = "-O";
				VALIDATE_PRODUCT = YES;
			};
			name = Release;
		};
		DFF0CC20267FAD1F0053711B /* Debug */ = {
			isa = XCBuildConfiguration;
			baseConfigurationReference = 812440E7973D2DEBB015974E /* Pods-ApexRoulette.debug.xcconfig */;
			buildSettings = {
				ASSETCATALOG_COMPILER_APPICON_NAME = AppIcon;
				ASSETCATALOG_COMPILER_GLOBAL_ACCENT_COLOR_NAME = AccentColor;
				CODE_SIGN_STYLE = Automatic;
				DEVELOPMENT_ASSET_PATHS = "\"ApexRoulette/Preview Content\"";
				DEVELOPMENT_TEAM = JCL982F3T2;
				ENABLE_PREVIEWS = YES;
				INFOPLIST_FILE = "ApexRoulette/Supporting Assets/Info.plist";
				IPHONEOS_DEPLOYMENT_TARGET = 15.0;
				LD_RUNPATH_SEARCH_PATHS = (
					"$(inherited)",
					"@executable_path/Frameworks",
				);
				MARKETING_VERSION = 0.0.1;
				PRODUCT_BUNDLE_IDENTIFIER = frent.nobos.ApexRoulette;
				PRODUCT_NAME = "$(TARGET_NAME)";
				SWIFT_VERSION = 5.0;
				TARGETED_DEVICE_FAMILY = 1;
			};
			name = Debug;
		};
		DFF0CC21267FAD1F0053711B /* Release */ = {
			isa = XCBuildConfiguration;
			baseConfigurationReference = 0B77B34799660E15DCD3C482 /* Pods-ApexRoulette.release.xcconfig */;
			buildSettings = {
				ASSETCATALOG_COMPILER_APPICON_NAME = AppIcon;
				ASSETCATALOG_COMPILER_GLOBAL_ACCENT_COLOR_NAME = AccentColor;
				CODE_SIGN_STYLE = Automatic;
				DEVELOPMENT_ASSET_PATHS = "\"ApexRoulette/Preview Content\"";
				DEVELOPMENT_TEAM = JCL982F3T2;
				ENABLE_PREVIEWS = YES;
				INFOPLIST_FILE = "ApexRoulette/Supporting Assets/Info.plist";
				IPHONEOS_DEPLOYMENT_TARGET = 15.0;
				LD_RUNPATH_SEARCH_PATHS = (
					"$(inherited)",
					"@executable_path/Frameworks",
				);
				MARKETING_VERSION = 0.0.1;
				PRODUCT_BUNDLE_IDENTIFIER = frent.nobos.ApexRoulette;
				PRODUCT_NAME = "$(TARGET_NAME)";
				SWIFT_VERSION = 5.0;
				TARGETED_DEVICE_FAMILY = 1;
			};
			name = Release;
		};
/* End XCBuildConfiguration section */

/* Begin XCConfigurationList section */
		DFF0CC0B267FAD1E0053711B /* Build configuration list for PBXProject "ApexRoulette" */ = {
			isa = XCConfigurationList;
			buildConfigurations = (
				DFF0CC1D267FAD1F0053711B /* Debug */,
				DFF0CC1E267FAD1F0053711B /* Release */,
			);
			defaultConfigurationIsVisible = 0;
			defaultConfigurationName = Release;
		};
		DFF0CC1F267FAD1F0053711B /* Build configuration list for PBXNativeTarget "ApexRoulette" */ = {
			isa = XCConfigurationList;
			buildConfigurations = (
				DFF0CC20267FAD1F0053711B /* Debug */,
				DFF0CC21267FAD1F0053711B /* Release */,
			);
			defaultConfigurationIsVisible = 0;
			defaultConfigurationName = Release;
		};
/* End XCConfigurationList section */
	};
	rootObject = DFF0CC08267FAD1E0053711B /* Project object */;
}
